
Microsoft Visual Studio Solution File, Format Version 12.00
# Visual Studio Version 17
VisualStudioVersion = 17.8.34322.80
MinimumVisualStudioVersion = 10.0.40219.1
Project("{FAE04EC0-301F-11D3-BF4B-00C04F79EFBC}") = "EventDemo", "EventDemo\EventDemo.csproj", "{FE0A0447-D070-4819-9E86-DD5D5687C02F}"
EndProject
Global
	GlobalSection(SolutionConfigurationPlatforms) = preSolution
		Debug|Any CPU = Debug|Any CPU
		Release|Any CPU = Release|Any CPU
	EndGlobalSection
	GlobalSection(ProjectConfigurationPlatforms) = postSolution
		{FE0A0447-D070-4819-9E86-DD5D5687C02F}.Debug|Any CPU.ActiveCfg = Debug|Any CPU
		{FE0A0447-D070-4819-9E86-DD5D5687C02F}.Debug|Any CPU.Build.0 = Debug|Any CPU
		{FE0A0447-D070-4819-9E86-DD5D5687C02F}.Release|Any CPU.ActiveCfg = Release|Any CPU
		{FE0A0447-D070-4819-9E86-DD5D5687C02F}.Release|Any CPU.Build.0 = Release|Any CPU
	EndGlobalSection
	GlobalSection(SolutionProperties) = preSolution
		HideSolutionNode = FALSE
	EndGlobalSection
	GlobalSection(ExtensibilityGlobals) = postSolution
		SolutionGuid = {E6AD39A1-EDDF-420D-B6B7-EC5AA1D1D30C}
	EndGlobalSection
EndGlobal
