
Microsoft Visual Studio Solution File, Format Version 12.00
# Visual Studio Version 17
VisualStudioVersion = 17.8.34322.80
MinimumVisualStudioVersion = 10.0.40219.1
Project("{FAE04EC0-301F-11D3-BF4B-00C04F79EFBC}") = "ClassSimple", "ClassSimple\ClassSimple.csproj", "{D339C98D-9C48-4560-BC67-0D844EAD4709}"
EndProject
Global
	GlobalSection(SolutionConfigurationPlatforms) = preSolution
		Debug|Any CPU = Debug|Any CPU
		Release|Any CPU = Release|Any CPU
	EndGlobalSection
	GlobalSection(ProjectConfigurationPlatforms) = postSolution
		{D339C98D-9C48-4560-BC67-0D844EAD4709}.Debug|Any CPU.ActiveCfg = Debug|Any CPU
		{D339C98D-9C48-4560-BC67-0D844EAD4709}.Debug|Any CPU.Build.0 = Debug|Any CPU
		{D339C98D-9C48-4560-BC67-0D844EAD4709}.Release|Any CPU.ActiveCfg = Release|Any CPU
		{D339C98D-9C48-4560-BC67-0D844EAD4709}.Release|Any CPU.Build.0 = Release|Any CPU
	EndGlobalSection
	GlobalSection(SolutionProperties) = preSolution
		HideSolutionNode = FALSE
	EndGlobalSection
	GlobalSection(ExtensibilityGlobals) = postSolution
		SolutionGuid = {11AA1049-1ED9-4759-8261-8C3E81050BDC}
	EndGlobalSection
EndGlobal
