
Microsoft Visual Studio Solution File, Format Version 12.00
# Visual Studio Version 17
VisualStudioVersion = 17.8.34322.80
MinimumVisualStudioVersion = 10.0.40219.1
Project("{FAE04EC0-301F-11D3-BF4B-00C04F79EFBC}") = "Quotes", "Quotes\Quotes.csproj", "{A170A7A3-3A87-400E-98E7-CBDCCEAFAB18}"
EndProject
Global
	GlobalSection(SolutionConfigurationPlatforms) = preSolution
		Debug|Any CPU = Debug|Any CPU
		Release|Any CPU = Release|Any CPU
	EndGlobalSection
	GlobalSection(ProjectConfigurationPlatforms) = postSolution
		{A170A7A3-3A87-400E-98E7-CBDCCEAFAB18}.Debug|Any CPU.ActiveCfg = Debug|Any CPU
		{A170A7A3-3A87-400E-98E7-CBDCCEAFAB18}.Debug|Any CPU.Build.0 = Debug|Any CPU
		{A170A7A3-3A87-400E-98E7-CBDCCEAFAB18}.Release|Any CPU.ActiveCfg = Release|Any CPU
		{A170A7A3-3A87-400E-98E7-CBDCCEAFAB18}.Release|Any CPU.Build.0 = Release|Any CPU
	EndGlobalSection
	GlobalSection(SolutionProperties) = preSolution
		HideSolutionNode = FALSE
	EndGlobalSection
	GlobalSection(ExtensibilityGlobals) = postSolution
		SolutionGuid = {005DE1A9-7866-45D9-B63C-869E386723B8}
	EndGlobalSection
EndGlobal
