
Microsoft Visual Studio Solution File, Format Version 12.00
# Visual Studio Version 17
VisualStudioVersion = 17.8.34322.80
MinimumVisualStudioVersion = 10.0.40219.1
Project("{FAE04EC0-301F-11D3-BF4B-00C04F79EFBC}") = "EnumIndex", "EnumIndex\EnumIndex.csproj", "{B719FAFB-8B2D-47F0-83B7-F995AA77FF14}"
EndProject
Global
	GlobalSection(SolutionConfigurationPlatforms) = preSolution
		Debug|Any CPU = Debug|Any CPU
		Release|Any CPU = Release|Any CPU
	EndGlobalSection
	GlobalSection(ProjectConfigurationPlatforms) = postSolution
		{B719FAFB-8B2D-47F0-83B7-F995AA77FF14}.Debug|Any CPU.ActiveCfg = Debug|Any CPU
		{B719FAFB-8B2D-47F0-83B7-F995AA77FF14}.Debug|Any CPU.Build.0 = Debug|Any CPU
		{B719FAFB-8B2D-47F0-83B7-F995AA77FF14}.Release|Any CPU.ActiveCfg = Release|Any CPU
		{B719FAFB-8B2D-47F0-83B7-F995AA77FF14}.Release|Any CPU.Build.0 = Release|Any CPU
	EndGlobalSection
	GlobalSection(SolutionProperties) = preSolution
		HideSolutionNode = FALSE
	EndGlobalSection
	GlobalSection(ExtensibilityGlobals) = postSolution
		SolutionGuid = {B6F85A45-126E-4AB1-8DC2-8986FF3998C2}
	EndGlobalSection
EndGlobal
