
Microsoft Visual Studio Solution File, Format Version 12.00
# Visual Studio Version 17
VisualStudioVersion = 17.8.34322.80
MinimumVisualStudioVersion = 10.0.40219.1
Project("{FAE04EC0-301F-11D3-BF4B-00C04F79EFBC}") = "Literal", "Literal\Literal.csproj", "{9550195E-EA67-4F3D-AB81-59E2FF508400}"
EndProject
Global
	GlobalSection(SolutionConfigurationPlatforms) = preSolution
		Debug|Any CPU = Debug|Any CPU
		Release|Any CPU = Release|Any CPU
	EndGlobalSection
	GlobalSection(ProjectConfigurationPlatforms) = postSolution
		{9550195E-EA67-4F3D-AB81-59E2FF508400}.Debug|Any CPU.ActiveCfg = Debug|Any CPU
		{9550195E-EA67-4F3D-AB81-59E2FF508400}.Debug|Any CPU.Build.0 = Debug|Any CPU
		{9550195E-EA67-4F3D-AB81-59E2FF508400}.Release|Any CPU.ActiveCfg = Release|Any CPU
		{9550195E-EA67-4F3D-AB81-59E2FF508400}.Release|Any CPU.Build.0 = Release|Any CPU
	EndGlobalSection
	GlobalSection(SolutionProperties) = preSolution
		HideSolutionNode = FALSE
	EndGlobalSection
	GlobalSection(ExtensibilityGlobals) = postSolution
		SolutionGuid = {689DA402-272B-493C-9EC0-F109019F43CC}
	EndGlobalSection
EndGlobal
