
Microsoft Visual Studio Solution File, Format Version 12.00
# Visual Studio Version 17
VisualStudioVersion = 17.8.34322.80
MinimumVisualStudioVersion = 10.0.40219.1
Project("{FAE04EC0-301F-11D3-BF4B-00C04F79EFBC}") = "IndexerNote", "IndexerNote\IndexerNote.csproj", "{7EE04BB2-FC97-492C-BB8D-E7A8984DE9B1}"
EndProject
Global
	GlobalSection(SolutionConfigurationPlatforms) = preSolution
		Debug|Any CPU = Debug|Any CPU
		Release|Any CPU = Release|Any CPU
	EndGlobalSection
	GlobalSection(ProjectConfigurationPlatforms) = postSolution
		{7EE04BB2-FC97-492C-BB8D-E7A8984DE9B1}.Debug|Any CPU.ActiveCfg = Debug|Any CPU
		{7EE04BB2-FC97-492C-BB8D-E7A8984DE9B1}.Debug|Any CPU.Build.0 = Debug|Any CPU
		{7EE04BB2-FC97-492C-BB8D-E7A8984DE9B1}.Release|Any CPU.ActiveCfg = Release|Any CPU
		{7EE04BB2-FC97-492C-BB8D-E7A8984DE9B1}.Release|Any CPU.Build.0 = Release|Any CPU
	EndGlobalSection
	GlobalSection(SolutionProperties) = preSolution
		HideSolutionNode = FALSE
	EndGlobalSection
	GlobalSection(ExtensibilityGlobals) = postSolution
		SolutionGuid = {26173EB4-2985-4DCF-A4AD-35C04A9F935F}
	EndGlobalSection
EndGlobal
