
Microsoft Visual Studio Solution File, Format Version 12.00
# Visual Studio Version 17
VisualStudioVersion = 17.8.34322.80
MinimumVisualStudioVersion = 10.0.40219.1
Project("{FAE04EC0-301F-11D3-BF4B-00C04F79EFBC}") = "TryCatch", "TryCatch\TryCatch.csproj", "{FAB1B607-8EA9-4195-B7F2-C33CBD57FADC}"
EndProject
Global
	GlobalSection(SolutionConfigurationPlatforms) = preSolution
		Debug|Any CPU = Debug|Any CPU
		Release|Any CPU = Release|Any CPU
	EndGlobalSection
	GlobalSection(ProjectConfigurationPlatforms) = postSolution
		{FAB1B607-8EA9-4195-B7F2-C33CBD57FADC}.Debug|Any CPU.ActiveCfg = Debug|Any CPU
		{FAB1B607-8EA9-4195-B7F2-C33CBD57FADC}.Debug|Any CPU.Build.0 = Debug|Any CPU
		{FAB1B607-8EA9-4195-B7F2-C33CBD57FADC}.Release|Any CPU.ActiveCfg = Release|Any CPU
		{FAB1B607-8EA9-4195-B7F2-C33CBD57FADC}.Release|Any CPU.Build.0 = Release|Any CPU
	EndGlobalSection
	GlobalSection(SolutionProperties) = preSolution
		HideSolutionNode = FALSE
	EndGlobalSection
	GlobalSection(ExtensibilityGlobals) = postSolution
		SolutionGuid = {9E47F0E7-0058-4E79-BA70-ADC43E669CF6}
	EndGlobalSection
EndGlobal
