
Microsoft Visual Studio Solution File, Format Version 12.00
# Visual Studio Version 17
VisualStudioVersion = 17.8.34322.80
MinimumVisualStudioVersion = 10.0.40219.1
Project("{FAE04EC0-301F-11D3-BF4B-00C04F79EFBC}") = "VariableComma", "VariableComma\VariableComma.csproj", "{9BEB5FF3-8A12-479F-9E2B-99E1D3CD2730}"
EndProject
Global
	GlobalSection(SolutionConfigurationPlatforms) = preSolution
		Debug|Any CPU = Debug|Any CPU
		Release|Any CPU = Release|Any CPU
	EndGlobalSection
	GlobalSection(ProjectConfigurationPlatforms) = postSolution
		{9BEB5FF3-8A12-479F-9E2B-99E1D3CD2730}.Debug|Any CPU.ActiveCfg = Debug|Any CPU
		{9BEB5FF3-8A12-479F-9E2B-99E1D3CD2730}.Debug|Any CPU.Build.0 = Debug|Any CPU
		{9BEB5FF3-8A12-479F-9E2B-99E1D3CD2730}.Release|Any CPU.ActiveCfg = Release|Any CPU
		{9BEB5FF3-8A12-479F-9E2B-99E1D3CD2730}.Release|Any CPU.Build.0 = Release|Any CPU
	EndGlobalSection
	GlobalSection(SolutionProperties) = preSolution
		HideSolutionNode = FALSE
	EndGlobalSection
	GlobalSection(ExtensibilityGlobals) = postSolution
		SolutionGuid = {F4B44161-2082-4198-B422-724382160DCB}
	EndGlobalSection
EndGlobal
