
Microsoft Visual Studio Solution File, Format Version 12.00
# Visual Studio Version 17
VisualStudioVersion = 17.8.34322.80
MinimumVisualStudioVersion = 10.0.40219.1
Project("{FAE04EC0-301F-11D3-BF4B-00C04F79EFBC}") = "RankAlgorithm", "RankAlgorithm\RankAlgorithm.csproj", "{522B4DE4-8814-48CD-9F2D-C9EEFC81778D}"
EndProject
Global
	GlobalSection(SolutionConfigurationPlatforms) = preSolution
		Debug|Any CPU = Debug|Any CPU
		Release|Any CPU = Release|Any CPU
	EndGlobalSection
	GlobalSection(ProjectConfigurationPlatforms) = postSolution
		{522B4DE4-8814-48CD-9F2D-C9EEFC81778D}.Debug|Any CPU.ActiveCfg = Debug|Any CPU
		{522B4DE4-8814-48CD-9F2D-C9EEFC81778D}.Debug|Any CPU.Build.0 = Debug|Any CPU
		{522B4DE4-8814-48CD-9F2D-C9EEFC81778D}.Release|Any CPU.ActiveCfg = Release|Any CPU
		{522B4DE4-8814-48CD-9F2D-C9EEFC81778D}.Release|Any CPU.Build.0 = Release|Any CPU
	EndGlobalSection
	GlobalSection(SolutionProperties) = preSolution
		HideSolutionNode = FALSE
	EndGlobalSection
	GlobalSection(ExtensibilityGlobals) = postSolution
		SolutionGuid = {101605F5-E1A7-4E15-9669-A4BE471FE303}
	EndGlobalSection
EndGlobal
