
Microsoft Visual Studio Solution File, Format Version 12.00
# Visual Studio Version 17
VisualStudioVersion = 17.8.34322.80
MinimumVisualStudioVersion = 10.0.40219.1
Project("{FAE04EC0-301F-11D3-BF4B-00C04F79EFBC}") = "WhileFibonacci", "WhileFibonacci\WhileFibonacci.csproj", "{81C2B06D-EC18-4656-A721-B75F6F5628DF}"
EndProject
Global
	GlobalSection(SolutionConfigurationPlatforms) = preSolution
		Debug|Any CPU = Debug|Any CPU
		Release|Any CPU = Release|Any CPU
	EndGlobalSection
	GlobalSection(ProjectConfigurationPlatforms) = postSolution
		{81C2B06D-EC18-4656-A721-B75F6F5628DF}.Debug|Any CPU.ActiveCfg = Debug|Any CPU
		{81C2B06D-EC18-4656-A721-B75F6F5628DF}.Debug|Any CPU.Build.0 = Debug|Any CPU
		{81C2B06D-EC18-4656-A721-B75F6F5628DF}.Release|Any CPU.ActiveCfg = Release|Any CPU
		{81C2B06D-EC18-4656-A721-B75F6F5628DF}.Release|Any CPU.Build.0 = Release|Any CPU
	EndGlobalSection
	GlobalSection(SolutionProperties) = preSolution
		HideSolutionNode = FALSE
	EndGlobalSection
	GlobalSection(ExtensibilityGlobals) = postSolution
		SolutionGuid = {21F988E5-B871-4BB9-89DD-5505327DC49D}
	EndGlobalSection
EndGlobal
