
Microsoft Visual Studio Solution File, Format Version 12.00
# Visual Studio Version 17
VisualStudioVersion = 17.8.34322.80
MinimumVisualStudioVersion = 10.0.40219.1
Project("{FAE04EC0-301F-11D3-BF4B-00C04F79EFBC}") = "SwitchExpression", "SwitchExpression\SwitchExpression.csproj", "{B0591308-C1CD-4AEF-857B-F8B2B9766873}"
EndProject
Global
	GlobalSection(SolutionConfigurationPlatforms) = preSolution
		Debug|Any CPU = Debug|Any CPU
		Release|Any CPU = Release|Any CPU
	EndGlobalSection
	GlobalSection(ProjectConfigurationPlatforms) = postSolution
		{B0591308-C1CD-4AEF-857B-F8B2B9766873}.Debug|Any CPU.ActiveCfg = Debug|Any CPU
		{B0591308-C1CD-4AEF-857B-F8B2B9766873}.Debug|Any CPU.Build.0 = Debug|Any CPU
		{B0591308-C1CD-4AEF-857B-F8B2B9766873}.Release|Any CPU.ActiveCfg = Release|Any CPU
		{B0591308-C1CD-4AEF-857B-F8B2B9766873}.Release|Any CPU.Build.0 = Release|Any CPU
	EndGlobalSection
	GlobalSection(SolutionProperties) = preSolution
		HideSolutionNode = FALSE
	EndGlobalSection
	GlobalSection(ExtensibilityGlobals) = postSolution
		SolutionGuid = {968F2F79-F097-4E8D-B2C4-61EFA34E858B}
	EndGlobalSection
EndGlobal
