
Microsoft Visual Studio Solution File, Format Version 12.00
# Visual Studio Version 17
VisualStudioVersion = 17.8.34322.80
MinimumVisualStudioVersion = 10.0.40219.1
Project("{FAE04EC0-301F-11D3-BF4B-00C04F79EFBC}") = "RegexReplace", "RegexReplace\RegexReplace.csproj", "{5925C3F5-1051-413F-AFAC-3898B8E0B076}"
EndProject
Global
	GlobalSection(SolutionConfigurationPlatforms) = preSolution
		Debug|Any CPU = Debug|Any CPU
		Release|Any CPU = Release|Any CPU
	EndGlobalSection
	GlobalSection(ProjectConfigurationPlatforms) = postSolution
		{5925C3F5-1051-413F-AFAC-3898B8E0B076}.Debug|Any CPU.ActiveCfg = Debug|Any CPU
		{5925C3F5-1051-413F-AFAC-3898B8E0B076}.Debug|Any CPU.Build.0 = Debug|Any CPU
		{5925C3F5-1051-413F-AFAC-3898B8E0B076}.Release|Any CPU.ActiveCfg = Release|Any CPU
		{5925C3F5-1051-413F-AFAC-3898B8E0B076}.Release|Any CPU.Build.0 = Release|Any CPU
	EndGlobalSection
	GlobalSection(SolutionProperties) = preSolution
		HideSolutionNode = FALSE
	EndGlobalSection
	GlobalSection(ExtensibilityGlobals) = postSolution
		SolutionGuid = {DDB63328-124F-4C05-BFD0-9D73F33BFF32}
	EndGlobalSection
EndGlobal
