
Microsoft Visual Studio Solution File, Format Version 12.00
# Visual Studio Version 17
VisualStudioVersion = 17.8.34322.80
MinimumVisualStudioVersion = 10.0.40219.1
Project("{FAE04EC0-301F-11D3-BF4B-00C04F79EFBC}") = "BreakDemo", "BreakDemo\BreakDemo.csproj", "{50EC7D8D-FDC9-43EA-8B4B-E7F989CDFB69}"
EndProject
Global
	GlobalSection(SolutionConfigurationPlatforms) = preSolution
		Debug|Any CPU = Debug|Any CPU
		Release|Any CPU = Release|Any CPU
	EndGlobalSection
	GlobalSection(ProjectConfigurationPlatforms) = postSolution
		{50EC7D8D-FDC9-43EA-8B4B-E7F989CDFB69}.Debug|Any CPU.ActiveCfg = Debug|Any CPU
		{50EC7D8D-FDC9-43EA-8B4B-E7F989CDFB69}.Debug|Any CPU.Build.0 = Debug|Any CPU
		{50EC7D8D-FDC9-43EA-8B4B-E7F989CDFB69}.Release|Any CPU.ActiveCfg = Release|Any CPU
		{50EC7D8D-FDC9-43EA-8B4B-E7F989CDFB69}.Release|Any CPU.Build.0 = Release|Any CPU
	EndGlobalSection
	GlobalSection(SolutionProperties) = preSolution
		HideSolutionNode = FALSE
	EndGlobalSection
	GlobalSection(ExtensibilityGlobals) = postSolution
		SolutionGuid = {A25333E5-FE9E-4261-89CE-FB0CCDD39A51}
	EndGlobalSection
EndGlobal
