
Microsoft Visual Studio Solution File, Format Version 12.00
# Visual Studio Version 17
VisualStudioVersion = 17.8.34322.80
MinimumVisualStudioVersion = 10.0.40219.1
Project("{FAE04EC0-301F-11D3-BF4B-00C04F79EFBC}") = "AnnonymousDelegate", "AnnonymousDelegate\AnnonymousDelegate.csproj", "{B8C8E95C-9AA3-45C3-B29C-618D467D3143}"
EndProject
Global
	GlobalSection(SolutionConfigurationPlatforms) = preSolution
		Debug|Any CPU = Debug|Any CPU
		Release|Any CPU = Release|Any CPU
	EndGlobalSection
	GlobalSection(ProjectConfigurationPlatforms) = postSolution
		{B8C8E95C-9AA3-45C3-B29C-618D467D3143}.Debug|Any CPU.ActiveCfg = Debug|Any CPU
		{B8C8E95C-9AA3-45C3-B29C-618D467D3143}.Debug|Any CPU.Build.0 = Debug|Any CPU
		{B8C8E95C-9AA3-45C3-B29C-618D467D3143}.Release|Any CPU.ActiveCfg = Release|Any CPU
		{B8C8E95C-9AA3-45C3-B29C-618D467D3143}.Release|Any CPU.Build.0 = Release|Any CPU
	EndGlobalSection
	GlobalSection(SolutionProperties) = preSolution
		HideSolutionNode = FALSE
	EndGlobalSection
	GlobalSection(ExtensibilityGlobals) = postSolution
		SolutionGuid = {D5D95327-0F1D-4037-83BB-02C1C5DB6D0A}
	EndGlobalSection
EndGlobal
