
Microsoft Visual Studio Solution File, Format Version 12.00
# Visual Studio Version 17
VisualStudioVersion = 17.8.34322.80
MinimumVisualStudioVersion = 10.0.40219.1
Project("{FAE04EC0-301F-11D3-BF4B-00C04F79EFBC}") = "EnumIndexChange", "EnumIndexChange\EnumIndexChange.csproj", "{D961F392-5AEE-46A6-969E-F055A915C3D7}"
EndProject
Global
	GlobalSection(SolutionConfigurationPlatforms) = preSolution
		Debug|Any CPU = Debug|Any CPU
		Release|Any CPU = Release|Any CPU
	EndGlobalSection
	GlobalSection(ProjectConfigurationPlatforms) = postSolution
		{D961F392-5AEE-46A6-969E-F055A915C3D7}.Debug|Any CPU.ActiveCfg = Debug|Any CPU
		{D961F392-5AEE-46A6-969E-F055A915C3D7}.Debug|Any CPU.Build.0 = Debug|Any CPU
		{D961F392-5AEE-46A6-969E-F055A915C3D7}.Release|Any CPU.ActiveCfg = Release|Any CPU
		{D961F392-5AEE-46A6-969E-F055A915C3D7}.Release|Any CPU.Build.0 = Release|Any CPU
	EndGlobalSection
	GlobalSection(SolutionProperties) = preSolution
		HideSolutionNode = FALSE
	EndGlobalSection
	GlobalSection(ExtensibilityGlobals) = postSolution
		SolutionGuid = {34A9522D-A3BF-42BC-9ECC-1FECC3F99579}
	EndGlobalSection
EndGlobal
