
Microsoft Visual Studio Solution File, Format Version 12.00
# Visual Studio Version 17
VisualStudioVersion = 17.8.34322.80
MinimumVisualStudioVersion = 10.0.40219.1
Project("{FAE04EC0-301F-11D3-BF4B-00C04F79EFBC}") = "RegexDemo", "RegexDemo\RegexDemo.csproj", "{D918E028-28D1-496E-95C4-5FFC9E8B408A}"
EndProject
Global
	GlobalSection(SolutionConfigurationPlatforms) = preSolution
		Debug|Any CPU = Debug|Any CPU
		Release|Any CPU = Release|Any CPU
	EndGlobalSection
	GlobalSection(ProjectConfigurationPlatforms) = postSolution
		{D918E028-28D1-496E-95C4-5FFC9E8B408A}.Debug|Any CPU.ActiveCfg = Debug|Any CPU
		{D918E028-28D1-496E-95C4-5FFC9E8B408A}.Debug|Any CPU.Build.0 = Debug|Any CPU
		{D918E028-28D1-496E-95C4-5FFC9E8B408A}.Release|Any CPU.ActiveCfg = Release|Any CPU
		{D918E028-28D1-496E-95C4-5FFC9E8B408A}.Release|Any CPU.Build.0 = Release|Any CPU
	EndGlobalSection
	GlobalSection(SolutionProperties) = preSolution
		HideSolutionNode = FALSE
	EndGlobalSection
	GlobalSection(ExtensibilityGlobals) = postSolution
		SolutionGuid = {AD0064DD-AE29-41F9-A04E-CD32DB74BC3A}
	EndGlobalSection
EndGlobal
