
Microsoft Visual Studio Solution File, Format Version 12.00
# Visual Studio Version 17
VisualStudioVersion = 17.8.34322.80
MinimumVisualStudioVersion = 10.0.40219.1
Project("{FAE04EC0-301F-11D3-BF4B-00C04F79EFBC}") = "ExceptionHandling", "ExceptionHandling\ExceptionHandling.csproj", "{FF7A09E2-63EE-4734-B96D-ACEC5CB7181E}"
EndProject
Global
	GlobalSection(SolutionConfigurationPlatforms) = preSolution
		Debug|Any CPU = Debug|Any CPU
		Release|Any CPU = Release|Any CPU
	EndGlobalSection
	GlobalSection(ProjectConfigurationPlatforms) = postSolution
		{FF7A09E2-63EE-4734-B96D-ACEC5CB7181E}.Debug|Any CPU.ActiveCfg = Debug|Any CPU
		{FF7A09E2-63EE-4734-B96D-ACEC5CB7181E}.Debug|Any CPU.Build.0 = Debug|Any CPU
		{FF7A09E2-63EE-4734-B96D-ACEC5CB7181E}.Release|Any CPU.ActiveCfg = Release|Any CPU
		{FF7A09E2-63EE-4734-B96D-ACEC5CB7181E}.Release|Any CPU.Build.0 = Release|Any CPU
	EndGlobalSection
	GlobalSection(SolutionProperties) = preSolution
		HideSolutionNode = FALSE
	EndGlobalSection
	GlobalSection(ExtensibilityGlobals) = postSolution
		SolutionGuid = {A3D79B07-96B0-4F83-B759-D7A541114C2C}
	EndGlobalSection
EndGlobal
