
Microsoft Visual Studio Solution File, Format Version 12.00
# Visual Studio Version 17
VisualStudioVersion = 17.8.34322.80
MinimumVisualStudioVersion = 10.0.40219.1
Project("{FAE04EC0-301F-11D3-BF4B-00C04F79EFBC}") = "ZigZag", "ZigZag\ZigZag.csproj", "{178738AA-DE7E-4F67-AD07-5BC311DDF4F4}"
EndProject
Global
	GlobalSection(SolutionConfigurationPlatforms) = preSolution
		Debug|Any CPU = Debug|Any CPU
		Release|Any CPU = Release|Any CPU
	EndGlobalSection
	GlobalSection(ProjectConfigurationPlatforms) = postSolution
		{178738AA-DE7E-4F67-AD07-5BC311DDF4F4}.Debug|Any CPU.ActiveCfg = Debug|Any CPU
		{178738AA-DE7E-4F67-AD07-5BC311DDF4F4}.Debug|Any CPU.Build.0 = Debug|Any CPU
		{178738AA-DE7E-4F67-AD07-5BC311DDF4F4}.Release|Any CPU.ActiveCfg = Release|Any CPU
		{178738AA-DE7E-4F67-AD07-5BC311DDF4F4}.Release|Any CPU.Build.0 = Release|Any CPU
	EndGlobalSection
	GlobalSection(SolutionProperties) = preSolution
		HideSolutionNode = FALSE
	EndGlobalSection
	GlobalSection(ExtensibilityGlobals) = postSolution
		SolutionGuid = {FA1968F0-C7D4-4F13-950E-2910350E3D03}
	EndGlobalSection
EndGlobal
