
Microsoft Visual Studio Solution File, Format Version 12.00
# Visual Studio Version 17
VisualStudioVersion = 17.8.34322.80
MinimumVisualStudioVersion = 10.0.40219.1
Project("{FAE04EC0-301F-11D3-BF4B-00C04F79EFBC}") = "CommandLineArgument", "CommandLineArgument\CommandLineArgument.csproj", "{2519B183-CDEE-456B-BDBC-0F2745124D0F}"
EndProject
Global
	GlobalSection(SolutionConfigurationPlatforms) = preSolution
		Debug|Any CPU = Debug|Any CPU
		Release|Any CPU = Release|Any CPU
	EndGlobalSection
	GlobalSection(ProjectConfigurationPlatforms) = postSolution
		{2519B183-CDEE-456B-BDBC-0F2745124D0F}.Debug|Any CPU.ActiveCfg = Debug|Any CPU
		{2519B183-CDEE-456B-BDBC-0F2745124D0F}.Debug|Any CPU.Build.0 = Debug|Any CPU
		{2519B183-CDEE-456B-BDBC-0F2745124D0F}.Release|Any CPU.ActiveCfg = Release|Any CPU
		{2519B183-CDEE-456B-BDBC-0F2745124D0F}.Release|Any CPU.Build.0 = Release|Any CPU
	EndGlobalSection
	GlobalSection(SolutionProperties) = preSolution
		HideSolutionNode = FALSE
	EndGlobalSection
	GlobalSection(ExtensibilityGlobals) = postSolution
		SolutionGuid = {1D6AEF36-5C40-4A24-ADB4-ED1EDD711327}
	EndGlobalSection
EndGlobal
