
Microsoft Visual Studio Solution File, Format Version 12.00
# Visual Studio Version 17
VisualStudioVersion = 17.8.34322.80
MinimumVisualStudioVersion = 10.0.40219.1
Project("{FAE04EC0-301F-11D3-BF4B-00C04F79EFBC}") = "VariableSameValue", "VariableSameValue\VariableSameValue.csproj", "{9CB679D1-12FA-4E0A-8C86-0BD9231EBABE}"
EndProject
Global
	GlobalSection(SolutionConfigurationPlatforms) = preSolution
		Debug|Any CPU = Debug|Any CPU
		Release|Any CPU = Release|Any CPU
	EndGlobalSection
	GlobalSection(ProjectConfigurationPlatforms) = postSolution
		{9CB679D1-12FA-4E0A-8C86-0BD9231EBABE}.Debug|Any CPU.ActiveCfg = Debug|Any CPU
		{9CB679D1-12FA-4E0A-8C86-0BD9231EBABE}.Debug|Any CPU.Build.0 = Debug|Any CPU
		{9CB679D1-12FA-4E0A-8C86-0BD9231EBABE}.Release|Any CPU.ActiveCfg = Release|Any CPU
		{9CB679D1-12FA-4E0A-8C86-0BD9231EBABE}.Release|Any CPU.Build.0 = Release|Any CPU
	EndGlobalSection
	GlobalSection(SolutionProperties) = preSolution
		HideSolutionNode = FALSE
	EndGlobalSection
	GlobalSection(ExtensibilityGlobals) = postSolution
		SolutionGuid = {CC5E825F-72BD-4383-8D47-867DC6C81857}
	EndGlobalSection
EndGlobal
