
Microsoft Visual Studio Solution File, Format Version 12.00
# Visual Studio Version 17
VisualStudioVersion = 17.8.34322.80
MinimumVisualStudioVersion = 10.0.40219.1
Project("{FAE04EC0-301F-11D3-BF4B-00C04F79EFBC}") = "CharacterDemo", "CharacterDemo\CharacterDemo.csproj", "{E087366C-5162-445E-9C32-D1481FC76B43}"
EndProject
Global
	GlobalSection(SolutionConfigurationPlatforms) = preSolution
		Debug|Any CPU = Debug|Any CPU
		Release|Any CPU = Release|Any CPU
	EndGlobalSection
	GlobalSection(ProjectConfigurationPlatforms) = postSolution
		{E087366C-5162-445E-9C32-D1481FC76B43}.Debug|Any CPU.ActiveCfg = Debug|Any CPU
		{E087366C-5162-445E-9C32-D1481FC76B43}.Debug|Any CPU.Build.0 = Debug|Any CPU
		{E087366C-5162-445E-9C32-D1481FC76B43}.Release|Any CPU.ActiveCfg = Release|Any CPU
		{E087366C-5162-445E-9C32-D1481FC76B43}.Release|Any CPU.Build.0 = Release|Any CPU
	EndGlobalSection
	GlobalSection(SolutionProperties) = preSolution
		HideSolutionNode = FALSE
	EndGlobalSection
	GlobalSection(ExtensibilityGlobals) = postSolution
		SolutionGuid = {857903ED-5092-45C4-8DBD-669BC69AC917}
	EndGlobalSection
EndGlobal
