
Microsoft Visual Studio Solution File, Format Version 12.00
# Visual Studio Version 17
VisualStudioVersion = 17.8.34322.80
MinimumVisualStudioVersion = 10.0.40219.1
Project("{FAE04EC0-301F-11D3-BF4B-00C04F79EFBC}") = "JsonConvertDemo", "JsonConvertDemo\JsonConvertDemo.csproj", "{04872D7E-D651-4B5A-8EB5-3CC487E501DD}"
EndProject
Global
	GlobalSection(SolutionConfigurationPlatforms) = preSolution
		Debug|Any CPU = Debug|Any CPU
		Release|Any CPU = Release|Any CPU
	EndGlobalSection
	GlobalSection(ProjectConfigurationPlatforms) = postSolution
		{04872D7E-D651-4B5A-8EB5-3CC487E501DD}.Debug|Any CPU.ActiveCfg = Debug|Any CPU
		{04872D7E-D651-4B5A-8EB5-3CC487E501DD}.Debug|Any CPU.Build.0 = Debug|Any CPU
		{04872D7E-D651-4B5A-8EB5-3CC487E501DD}.Release|Any CPU.ActiveCfg = Release|Any CPU
		{04872D7E-D651-4B5A-8EB5-3CC487E501DD}.Release|Any CPU.Build.0 = Release|Any CPU
	EndGlobalSection
	GlobalSection(SolutionProperties) = preSolution
		HideSolutionNode = FALSE
	EndGlobalSection
	GlobalSection(ExtensibilityGlobals) = postSolution
		SolutionGuid = {E0DB8269-D1F2-4FF6-BF01-CC3AA02CDC92}
	EndGlobalSection
EndGlobal
