
Microsoft Visual Studio Solution File, Format Version 12.00
# Visual Studio Version 17
VisualStudioVersion = 17.8.34322.80
MinimumVisualStudioVersion = 10.0.40219.1
Project("{FAE04EC0-301F-11D3-BF4B-00C04F79EFBC}") = "SortAlgorithm", "SortAlgorithm\SortAlgorithm.csproj", "{DD581F7F-E5C3-46A5-9858-1BD3FD33A5A5}"
EndProject
Global
	GlobalSection(SolutionConfigurationPlatforms) = preSolution
		Debug|Any CPU = Debug|Any CPU
		Release|Any CPU = Release|Any CPU
	EndGlobalSection
	GlobalSection(ProjectConfigurationPlatforms) = postSolution
		{DD581F7F-E5C3-46A5-9858-1BD3FD33A5A5}.Debug|Any CPU.ActiveCfg = Debug|Any CPU
		{DD581F7F-E5C3-46A5-9858-1BD3FD33A5A5}.Debug|Any CPU.Build.0 = Debug|Any CPU
		{DD581F7F-E5C3-46A5-9858-1BD3FD33A5A5}.Release|Any CPU.ActiveCfg = Release|Any CPU
		{DD581F7F-E5C3-46A5-9858-1BD3FD33A5A5}.Release|Any CPU.Build.0 = Release|Any CPU
	EndGlobalSection
	GlobalSection(SolutionProperties) = preSolution
		HideSolutionNode = FALSE
	EndGlobalSection
	GlobalSection(ExtensibilityGlobals) = postSolution
		SolutionGuid = {D7418251-A0AC-4D8E-9A1C-23A2B3DF29DF}
	EndGlobalSection
EndGlobal
