
Microsoft Visual Studio Solution File, Format Version 12.00
# Visual Studio Version 17
VisualStudioVersion = 17.8.34322.80
MinimumVisualStudioVersion = 10.0.40219.1
Project("{FAE04EC0-301F-11D3-BF4B-00C04F79EFBC}") = "DelegatePractice", "DelegatePractice\DelegatePractice.csproj", "{88812BC1-690A-4020-969B-28E71E28C5B9}"
EndProject
Global
	GlobalSection(SolutionConfigurationPlatforms) = preSolution
		Debug|Any CPU = Debug|Any CPU
		Release|Any CPU = Release|Any CPU
	EndGlobalSection
	GlobalSection(ProjectConfigurationPlatforms) = postSolution
		{88812BC1-690A-4020-969B-28E71E28C5B9}.Debug|Any CPU.ActiveCfg = Debug|Any CPU
		{88812BC1-690A-4020-969B-28E71E28C5B9}.Debug|Any CPU.Build.0 = Debug|Any CPU
		{88812BC1-690A-4020-969B-28E71E28C5B9}.Release|Any CPU.ActiveCfg = Release|Any CPU
		{88812BC1-690A-4020-969B-28E71E28C5B9}.Release|Any CPU.Build.0 = Release|Any CPU
	EndGlobalSection
	GlobalSection(SolutionProperties) = preSolution
		HideSolutionNode = FALSE
	EndGlobalSection
	GlobalSection(ExtensibilityGlobals) = postSolution
		SolutionGuid = {29E4894A-167C-403A-ABD4-26A4AD3F174D}
	EndGlobalSection
EndGlobal
