
Microsoft Visual Studio Solution File, Format Version 12.00
# Visual Studio Version 17
VisualStudioVersion = 17.8.34322.80
MinimumVisualStudioVersion = 10.0.40219.1
Project("{FAE04EC0-301F-11D3-BF4B-00C04F79EFBC}") = "ConsoleReadLineDemo", "ConsoleReadLineDemo\ConsoleReadLineDemo.csproj", "{55A41784-2DFE-41AB-9148-3E4BFFABCB64}"
EndProject
Global
	GlobalSection(SolutionConfigurationPlatforms) = preSolution
		Debug|Any CPU = Debug|Any CPU
		Release|Any CPU = Release|Any CPU
	EndGlobalSection
	GlobalSection(ProjectConfigurationPlatforms) = postSolution
		{55A41784-2DFE-41AB-9148-3E4BFFABCB64}.Debug|Any CPU.ActiveCfg = Debug|Any CPU
		{55A41784-2DFE-41AB-9148-3E4BFFABCB64}.Debug|Any CPU.Build.0 = Debug|Any CPU
		{55A41784-2DFE-41AB-9148-3E4BFFABCB64}.Release|Any CPU.ActiveCfg = Release|Any CPU
		{55A41784-2DFE-41AB-9148-3E4BFFABCB64}.Release|Any CPU.Build.0 = Release|Any CPU
	EndGlobalSection
	GlobalSection(SolutionProperties) = preSolution
		HideSolutionNode = FALSE
	EndGlobalSection
	GlobalSection(ExtensibilityGlobals) = postSolution
		SolutionGuid = {0A91632D-97B9-49DA-8B32-5BEC621628CA}
	EndGlobalSection
EndGlobal
