
Microsoft Visual Studio Solution File, Format Version 12.00
# Visual Studio Version 17
VisualStudioVersion = 17.8.34322.80
MinimumVisualStudioVersion = 10.0.40219.1
Project("{FAE04EC0-301F-11D3-BF4B-00C04F79EFBC}") = "ClassToString", "ClassToString\ClassToString.csproj", "{88E29BAB-B89D-4418-80E8-47D8DB4015DC}"
EndProject
Global
	GlobalSection(SolutionConfigurationPlatforms) = preSolution
		Debug|Any CPU = Debug|Any CPU
		Release|Any CPU = Release|Any CPU
	EndGlobalSection
	GlobalSection(ProjectConfigurationPlatforms) = postSolution
		{88E29BAB-B89D-4418-80E8-47D8DB4015DC}.Debug|Any CPU.ActiveCfg = Debug|Any CPU
		{88E29BAB-B89D-4418-80E8-47D8DB4015DC}.Debug|Any CPU.Build.0 = Debug|Any CPU
		{88E29BAB-B89D-4418-80E8-47D8DB4015DC}.Release|Any CPU.ActiveCfg = Release|Any CPU
		{88E29BAB-B89D-4418-80E8-47D8DB4015DC}.Release|Any CPU.Build.0 = Release|Any CPU
	EndGlobalSection
	GlobalSection(SolutionProperties) = preSolution
		HideSolutionNode = FALSE
	EndGlobalSection
	GlobalSection(ExtensibilityGlobals) = postSolution
		SolutionGuid = {F7E5C3F9-DF0B-492E-BD0D-6E6AA7F8ED54}
	EndGlobalSection
EndGlobal
