
Microsoft Visual Studio Solution File, Format Version 12.00
# Visual Studio Version 17
VisualStudioVersion = 17.8.34322.80
MinimumVisualStudioVersion = 10.0.40219.1
Project("{FAE04EC0-301F-11D3-BF4B-00C04F79EFBC}") = "SwitchWeather", "SwitchWeather\SwitchWeather.csproj", "{52A3C676-E305-41FA-9C5E-4FC33E27162D}"
EndProject
Global
	GlobalSection(SolutionConfigurationPlatforms) = preSolution
		Debug|Any CPU = Debug|Any CPU
		Release|Any CPU = Release|Any CPU
	EndGlobalSection
	GlobalSection(ProjectConfigurationPlatforms) = postSolution
		{52A3C676-E305-41FA-9C5E-4FC33E27162D}.Debug|Any CPU.ActiveCfg = Debug|Any CPU
		{52A3C676-E305-41FA-9C5E-4FC33E27162D}.Debug|Any CPU.Build.0 = Debug|Any CPU
		{52A3C676-E305-41FA-9C5E-4FC33E27162D}.Release|Any CPU.ActiveCfg = Release|Any CPU
		{52A3C676-E305-41FA-9C5E-4FC33E27162D}.Release|Any CPU.Build.0 = Release|Any CPU
	EndGlobalSection
	GlobalSection(SolutionProperties) = preSolution
		HideSolutionNode = FALSE
	EndGlobalSection
	GlobalSection(ExtensibilityGlobals) = postSolution
		SolutionGuid = {D6F52DD5-AEC3-4750-8E13-70095B408C6E}
	EndGlobalSection
EndGlobal
