
Microsoft Visual Studio Solution File, Format Version 12.00
# Visual Studio Version 17
VisualStudioVersion = 17.8.34322.80
MinimumVisualStudioVersion = 10.0.40219.1
Project("{FAE04EC0-301F-11D3-BF4B-00C04F79EFBC}") = "PublicField", "PublicField\PublicField.csproj", "{B17633D4-22D9-454E-8EBE-61652E286E6E}"
EndProject
Global
	GlobalSection(SolutionConfigurationPlatforms) = preSolution
		Debug|Any CPU = Debug|Any CPU
		Release|Any CPU = Release|Any CPU
	EndGlobalSection
	GlobalSection(ProjectConfigurationPlatforms) = postSolution
		{B17633D4-22D9-454E-8EBE-61652E286E6E}.Debug|Any CPU.ActiveCfg = Debug|Any CPU
		{B17633D4-22D9-454E-8EBE-61652E286E6E}.Debug|Any CPU.Build.0 = Debug|Any CPU
		{B17633D4-22D9-454E-8EBE-61652E286E6E}.Release|Any CPU.ActiveCfg = Release|Any CPU
		{B17633D4-22D9-454E-8EBE-61652E286E6E}.Release|Any CPU.Build.0 = Release|Any CPU
	EndGlobalSection
	GlobalSection(SolutionProperties) = preSolution
		HideSolutionNode = FALSE
	EndGlobalSection
	GlobalSection(ExtensibilityGlobals) = postSolution
		SolutionGuid = {6F3C72AC-8DC8-4506-85C0-B66EC8E74774}
	EndGlobalSection
EndGlobal
