
Microsoft Visual Studio Solution File, Format Version 12.00
# Visual Studio Version 17
VisualStudioVersion = 17.8.34322.80
MinimumVisualStudioVersion = 10.0.40219.1
Project("{FAE04EC0-301F-11D3-BF4B-00C04F79EFBC}") = "PatternMatchingWithSwitch", "PatternMatchingWithSwitch\PatternMatchingWithSwitch.csproj", "{ACEF0F53-C469-472F-8C71-B0DCA6193852}"
EndProject
Global
	GlobalSection(SolutionConfigurationPlatforms) = preSolution
		Debug|Any CPU = Debug|Any CPU
		Release|Any CPU = Release|Any CPU
	EndGlobalSection
	GlobalSection(ProjectConfigurationPlatforms) = postSolution
		{ACEF0F53-C469-472F-8C71-B0DCA6193852}.Debug|Any CPU.ActiveCfg = Debug|Any CPU
		{ACEF0F53-C469-472F-8C71-B0DCA6193852}.Debug|Any CPU.Build.0 = Debug|Any CPU
		{ACEF0F53-C469-472F-8C71-B0DCA6193852}.Release|Any CPU.ActiveCfg = Release|Any CPU
		{ACEF0F53-C469-472F-8C71-B0DCA6193852}.Release|Any CPU.Build.0 = Release|Any CPU
	EndGlobalSection
	GlobalSection(SolutionProperties) = preSolution
		HideSolutionNode = FALSE
	EndGlobalSection
	GlobalSection(ExtensibilityGlobals) = postSolution
		SolutionGuid = {32358215-B558-42A8-8923-A05E4141D1E4}
	EndGlobalSection
EndGlobal
