
Microsoft Visual Studio Solution File, Format Version 12.00
# Visual Studio Version 17
VisualStudioVersion = 17.8.34322.80
MinimumVisualStudioVersion = 10.0.40219.1
Project("{FAE04EC0-301F-11D3-BF4B-00C04F79EFBC}") = "GetSumTwoNumber", "GetSumTwoNumber\GetSumTwoNumber.csproj", "{613D0E7F-927A-4BF4-8E10-40977FB7F579}"
EndProject
Global
	GlobalSection(SolutionConfigurationPlatforms) = preSolution
		Debug|Any CPU = Debug|Any CPU
		Release|Any CPU = Release|Any CPU
	EndGlobalSection
	GlobalSection(ProjectConfigurationPlatforms) = postSolution
		{613D0E7F-927A-4BF4-8E10-40977FB7F579}.Debug|Any CPU.ActiveCfg = Debug|Any CPU
		{613D0E7F-927A-4BF4-8E10-40977FB7F579}.Debug|Any CPU.Build.0 = Debug|Any CPU
		{613D0E7F-927A-4BF4-8E10-40977FB7F579}.Release|Any CPU.ActiveCfg = Release|Any CPU
		{613D0E7F-927A-4BF4-8E10-40977FB7F579}.Release|Any CPU.Build.0 = Release|Any CPU
	EndGlobalSection
	GlobalSection(SolutionProperties) = preSolution
		HideSolutionNode = FALSE
	EndGlobalSection
	GlobalSection(ExtensibilityGlobals) = postSolution
		SolutionGuid = {95B12F27-9ADC-4243-82ED-E8BEDD4751B2}
	EndGlobalSection
EndGlobal
