
Microsoft Visual Studio Solution File, Format Version 12.00
# Visual Studio Version 17
VisualStudioVersion = 17.8.34322.80
MinimumVisualStudioVersion = 10.0.40219.1
Project("{FAE04EC0-301F-11D3-BF4B-00C04F79EFBC}") = "TypeConversionError", "TypeConversionError\TypeConversionError.csproj", "{DB1FFE01-6545-46B7-B288-0BC7AD138D9F}"
EndProject
Global
	GlobalSection(SolutionConfigurationPlatforms) = preSolution
		Debug|Any CPU = Debug|Any CPU
		Release|Any CPU = Release|Any CPU
	EndGlobalSection
	GlobalSection(ProjectConfigurationPlatforms) = postSolution
		{DB1FFE01-6545-46B7-B288-0BC7AD138D9F}.Debug|Any CPU.ActiveCfg = Debug|Any CPU
		{DB1FFE01-6545-46B7-B288-0BC7AD138D9F}.Debug|Any CPU.Build.0 = Debug|Any CPU
		{DB1FFE01-6545-46B7-B288-0BC7AD138D9F}.Release|Any CPU.ActiveCfg = Release|Any CPU
		{DB1FFE01-6545-46B7-B288-0BC7AD138D9F}.Release|Any CPU.Build.0 = Release|Any CPU
	EndGlobalSection
	GlobalSection(SolutionProperties) = preSolution
		HideSolutionNode = FALSE
	EndGlobalSection
	GlobalSection(ExtensibilityGlobals) = postSolution
		SolutionGuid = {25BF9791-1F5D-4E18-B05C-256B4E8E28A8}
	EndGlobalSection
EndGlobal
