
Microsoft Visual Studio Solution File, Format Version 12.00
# Visual Studio Version 17
VisualStudioVersion = 17.8.34322.80
MinimumVisualStudioVersion = 10.0.40219.1
Project("{FAE04EC0-301F-11D3-BF4B-00C04F79EFBC}") = "TypeConversion", "TypeConversion\TypeConversion.csproj", "{9A8EAE8D-9DFB-477B-9ADF-FFAD8A61E17C}"
EndProject
Global
	GlobalSection(SolutionConfigurationPlatforms) = preSolution
		Debug|Any CPU = Debug|Any CPU
		Release|Any CPU = Release|Any CPU
	EndGlobalSection
	GlobalSection(ProjectConfigurationPlatforms) = postSolution
		{9A8EAE8D-9DFB-477B-9ADF-FFAD8A61E17C}.Debug|Any CPU.ActiveCfg = Debug|Any CPU
		{9A8EAE8D-9DFB-477B-9ADF-FFAD8A61E17C}.Debug|Any CPU.Build.0 = Debug|Any CPU
		{9A8EAE8D-9DFB-477B-9ADF-FFAD8A61E17C}.Release|Any CPU.ActiveCfg = Release|Any CPU
		{9A8EAE8D-9DFB-477B-9ADF-FFAD8A61E17C}.Release|Any CPU.Build.0 = Release|Any CPU
	EndGlobalSection
	GlobalSection(SolutionProperties) = preSolution
		HideSolutionNode = FALSE
	EndGlobalSection
	GlobalSection(ExtensibilityGlobals) = postSolution
		SolutionGuid = {8AC9DFCB-4401-47D4-B2D7-7137809D1512}
	EndGlobalSection
EndGlobal
