
Microsoft Visual Studio Solution File, Format Version 12.00
# Visual Studio Version 17
VisualStudioVersion = 17.8.34322.80
MinimumVisualStudioVersion = 10.0.40219.1
Project("{FAE04EC0-301F-11D3-BF4B-00C04F79EFBC}") = "LinqMin", "LinqMin\LinqMin.csproj", "{C964FC30-5C93-42AB-9F9B-3B09492A7B06}"
EndProject
Global
	GlobalSection(SolutionConfigurationPlatforms) = preSolution
		Debug|Any CPU = Debug|Any CPU
		Release|Any CPU = Release|Any CPU
	EndGlobalSection
	GlobalSection(ProjectConfigurationPlatforms) = postSolution
		{C964FC30-5C93-42AB-9F9B-3B09492A7B06}.Debug|Any CPU.ActiveCfg = Debug|Any CPU
		{C964FC30-5C93-42AB-9F9B-3B09492A7B06}.Debug|Any CPU.Build.0 = Debug|Any CPU
		{C964FC30-5C93-42AB-9F9B-3B09492A7B06}.Release|Any CPU.ActiveCfg = Release|Any CPU
		{C964FC30-5C93-42AB-9F9B-3B09492A7B06}.Release|Any CPU.Build.0 = Release|Any CPU
	EndGlobalSection
	GlobalSection(SolutionProperties) = preSolution
		HideSolutionNode = FALSE
	EndGlobalSection
	GlobalSection(ExtensibilityGlobals) = postSolution
		SolutionGuid = {A44FB61D-9569-4691-8B21-A7AB3E5007F2}
	EndGlobalSection
EndGlobal
