
Microsoft Visual Studio Solution File, Format Version 12.00
# Visual Studio Version 17
VisualStudioVersion = 17.8.34322.80
MinimumVisualStudioVersion = 10.0.40219.1
Project("{FAE04EC0-301F-11D3-BF4B-00C04F79EFBC}") = "NewLine", "NewLine\NewLine.csproj", "{D679EFA5-657A-48F8-AD7B-C66B529C90D4}"
EndProject
Global
	GlobalSection(SolutionConfigurationPlatforms) = preSolution
		Debug|Any CPU = Debug|Any CPU
		Release|Any CPU = Release|Any CPU
	EndGlobalSection
	GlobalSection(ProjectConfigurationPlatforms) = postSolution
		{D679EFA5-657A-48F8-AD7B-C66B529C90D4}.Debug|Any CPU.ActiveCfg = Debug|Any CPU
		{D679EFA5-657A-48F8-AD7B-C66B529C90D4}.Debug|Any CPU.Build.0 = Debug|Any CPU
		{D679EFA5-657A-48F8-AD7B-C66B529C90D4}.Release|Any CPU.ActiveCfg = Release|Any CPU
		{D679EFA5-657A-48F8-AD7B-C66B529C90D4}.Release|Any CPU.Build.0 = Release|Any CPU
	EndGlobalSection
	GlobalSection(SolutionProperties) = preSolution
		HideSolutionNode = FALSE
	EndGlobalSection
	GlobalSection(ExtensibilityGlobals) = postSolution
		SolutionGuid = {DE4FDEC1-2368-44CD-9375-30DDE73B15AF}
	EndGlobalSection
EndGlobal
