
Microsoft Visual Studio Solution File, Format Version 12.00
# Visual Studio Version 17
VisualStudioVersion = 17.8.34322.80
MinimumVisualStudioVersion = 10.0.40219.1
Project("{FAE04EC0-301F-11D3-BF4B-00C04F79EFBC}") = "ArrayOne2", "ArrayOne2\ArrayOne2.csproj", "{BF4428D2-20D7-44FA-A5D7-1BBD9F595F2E}"
EndProject
Global
	GlobalSection(SolutionConfigurationPlatforms) = preSolution
		Debug|Any CPU = Debug|Any CPU
		Release|Any CPU = Release|Any CPU
	EndGlobalSection
	GlobalSection(ProjectConfigurationPlatforms) = postSolution
		{BF4428D2-20D7-44FA-A5D7-1BBD9F595F2E}.Debug|Any CPU.ActiveCfg = Debug|Any CPU
		{BF4428D2-20D7-44FA-A5D7-1BBD9F595F2E}.Debug|Any CPU.Build.0 = Debug|Any CPU
		{BF4428D2-20D7-44FA-A5D7-1BBD9F595F2E}.Release|Any CPU.ActiveCfg = Release|Any CPU
		{BF4428D2-20D7-44FA-A5D7-1BBD9F595F2E}.Release|Any CPU.Build.0 = Release|Any CPU
	EndGlobalSection
	GlobalSection(SolutionProperties) = preSolution
		HideSolutionNode = FALSE
	EndGlobalSection
	GlobalSection(ExtensibilityGlobals) = postSolution
		SolutionGuid = {0D05F535-B592-426B-B085-116AC1B863A8}
	EndGlobalSection
EndGlobal
