
Microsoft Visual Studio Solution File, Format Version 12.00
# Visual Studio Version 17
VisualStudioVersion = 17.8.34322.80
MinimumVisualStudioVersion = 10.0.40219.1
Project("{FAE04EC0-301F-11D3-BF4B-00C04F79EFBC}") = "TryFinallyDemo", "TryFinallyDemo\TryFinallyDemo.csproj", "{93541374-F41B-4CA7-A4AF-D34EB132AA7F}"
EndProject
Global
	GlobalSection(SolutionConfigurationPlatforms) = preSolution
		Debug|Any CPU = Debug|Any CPU
		Release|Any CPU = Release|Any CPU
	EndGlobalSection
	GlobalSection(ProjectConfigurationPlatforms) = postSolution
		{93541374-F41B-4CA7-A4AF-D34EB132AA7F}.Debug|Any CPU.ActiveCfg = Debug|Any CPU
		{93541374-F41B-4CA7-A4AF-D34EB132AA7F}.Debug|Any CPU.Build.0 = Debug|Any CPU
		{93541374-F41B-4CA7-A4AF-D34EB132AA7F}.Release|Any CPU.ActiveCfg = Release|Any CPU
		{93541374-F41B-4CA7-A4AF-D34EB132AA7F}.Release|Any CPU.Build.0 = Release|Any CPU
	EndGlobalSection
	GlobalSection(SolutionProperties) = preSolution
		HideSolutionNode = FALSE
	EndGlobalSection
	GlobalSection(ExtensibilityGlobals) = postSolution
		SolutionGuid = {306A1A57-E202-4487-B63C-D8C4F6FDBDAF}
	EndGlobalSection
EndGlobal
