
Microsoft Visual Studio Solution File, Format Version 12.00
# Visual Studio Version 17
VisualStudioVersion = 17.8.34322.80
MinimumVisualStudioVersion = 10.0.40219.1
Project("{FAE04EC0-301F-11D3-BF4B-00C04F79EFBC}") = "DoubleDemo", "DoubleDemo\DoubleDemo.csproj", "{14F096E5-DE5D-44EA-BA23-4BB8C059A60F}"
EndProject
Global
	GlobalSection(SolutionConfigurationPlatforms) = preSolution
		Debug|Any CPU = Debug|Any CPU
		Release|Any CPU = Release|Any CPU
	EndGlobalSection
	GlobalSection(ProjectConfigurationPlatforms) = postSolution
		{14F096E5-DE5D-44EA-BA23-4BB8C059A60F}.Debug|Any CPU.ActiveCfg = Debug|Any CPU
		{14F096E5-DE5D-44EA-BA23-4BB8C059A60F}.Debug|Any CPU.Build.0 = Debug|Any CPU
		{14F096E5-DE5D-44EA-BA23-4BB8C059A60F}.Release|Any CPU.ActiveCfg = Release|Any CPU
		{14F096E5-DE5D-44EA-BA23-4BB8C059A60F}.Release|Any CPU.Build.0 = Release|Any CPU
	EndGlobalSection
	GlobalSection(SolutionProperties) = preSolution
		HideSolutionNode = FALSE
	EndGlobalSection
	GlobalSection(ExtensibilityGlobals) = postSolution
		SolutionGuid = {63DD9CBB-A31B-439C-92C0-C3CE6EB75EE7}
	EndGlobalSection
EndGlobal
