
Microsoft Visual Studio Solution File, Format Version 12.00
# Visual Studio Version 17
VisualStudioVersion = 17.8.34322.80
MinimumVisualStudioVersion = 10.0.40219.1
Project("{FAE04EC0-301F-11D3-BF4B-00C04F79EFBC}") = "AnonymousClass", "AnonymousClass\AnonymousClass.csproj", "{87897503-37EB-4399-95B4-8E750B5313EC}"
EndProject
Global
	GlobalSection(SolutionConfigurationPlatforms) = preSolution
		Debug|Any CPU = Debug|Any CPU
		Release|Any CPU = Release|Any CPU
	EndGlobalSection
	GlobalSection(ProjectConfigurationPlatforms) = postSolution
		{87897503-37EB-4399-95B4-8E750B5313EC}.Debug|Any CPU.ActiveCfg = Debug|Any CPU
		{87897503-37EB-4399-95B4-8E750B5313EC}.Debug|Any CPU.Build.0 = Debug|Any CPU
		{87897503-37EB-4399-95B4-8E750B5313EC}.Release|Any CPU.ActiveCfg = Release|Any CPU
		{87897503-37EB-4399-95B4-8E750B5313EC}.Release|Any CPU.Build.0 = Release|Any CPU
	EndGlobalSection
	GlobalSection(SolutionProperties) = preSolution
		HideSolutionNode = FALSE
	EndGlobalSection
	GlobalSection(ExtensibilityGlobals) = postSolution
		SolutionGuid = {6AE488B3-6BCA-4F3B-A655-BCAE865F3043}
	EndGlobalSection
EndGlobal
