
Microsoft Visual Studio Solution File, Format Version 12.00
# Visual Studio Version 17
VisualStudioVersion = 17.8.34322.80
MinimumVisualStudioVersion = 10.0.40219.1
Project("{FAE04EC0-301F-11D3-BF4B-00C04F79EFBC}") = "WriteLineDemo1", "WriteLineDemo1\WriteLineDemo1.csproj", "{EEE00916-FEF1-4BFB-9D07-3BCE5153EC68}"
EndProject
Global
	GlobalSection(SolutionConfigurationPlatforms) = preSolution
		Debug|Any CPU = Debug|Any CPU
		Release|Any CPU = Release|Any CPU
	EndGlobalSection
	GlobalSection(ProjectConfigurationPlatforms) = postSolution
		{EEE00916-FEF1-4BFB-9D07-3BCE5153EC68}.Debug|Any CPU.ActiveCfg = Debug|Any CPU
		{EEE00916-FEF1-4BFB-9D07-3BCE5153EC68}.Debug|Any CPU.Build.0 = Debug|Any CPU
		{EEE00916-FEF1-4BFB-9D07-3BCE5153EC68}.Release|Any CPU.ActiveCfg = Release|Any CPU
		{EEE00916-FEF1-4BFB-9D07-3BCE5153EC68}.Release|Any CPU.Build.0 = Release|Any CPU
	EndGlobalSection
	GlobalSection(SolutionProperties) = preSolution
		HideSolutionNode = FALSE
	EndGlobalSection
	GlobalSection(ExtensibilityGlobals) = postSolution
		SolutionGuid = {8217A217-1591-4CFA-B9F0-30C1942A38EE}
	EndGlobalSection
EndGlobal
