
Microsoft Visual Studio Solution File, Format Version 12.00
# Visual Studio Version 17
VisualStudioVersion = 17.8.34322.80
MinimumVisualStudioVersion = 10.0.40219.1
Project("{FAE04EC0-301F-11D3-BF4B-00C04F79EFBC}") = "LinqSum", "LinqSum\LinqSum.csproj", "{629FEFE8-DE1C-417F-8FC4-1AB10051958C}"
EndProject
Global
	GlobalSection(SolutionConfigurationPlatforms) = preSolution
		Debug|Any CPU = Debug|Any CPU
		Release|Any CPU = Release|Any CPU
	EndGlobalSection
	GlobalSection(ProjectConfigurationPlatforms) = postSolution
		{629FEFE8-DE1C-417F-8FC4-1AB10051958C}.Debug|Any CPU.ActiveCfg = Debug|Any CPU
		{629FEFE8-DE1C-417F-8FC4-1AB10051958C}.Debug|Any CPU.Build.0 = Debug|Any CPU
		{629FEFE8-DE1C-417F-8FC4-1AB10051958C}.Release|Any CPU.ActiveCfg = Release|Any CPU
		{629FEFE8-DE1C-417F-8FC4-1AB10051958C}.Release|Any CPU.Build.0 = Release|Any CPU
	EndGlobalSection
	GlobalSection(SolutionProperties) = preSolution
		HideSolutionNode = FALSE
	EndGlobalSection
	GlobalSection(ExtensibilityGlobals) = postSolution
		SolutionGuid = {A2A39E67-B85D-4E60-B9B5-F09D1990475F}
	EndGlobalSection
EndGlobal
