
Microsoft Visual Studio Solution File, Format Version 12.00
# Visual Studio Version 17
VisualStudioVersion = 17.8.34322.80
MinimumVisualStudioVersion = 10.0.40219.1
Project("{FAE04EC0-301F-11D3-BF4B-00C04F79EFBC}") = "MinAndMax", "MinAndMax\MinAndMax.csproj", "{28F274C4-1AC2-4CF7-B417-7E67222C13B4}"
EndProject
Global
	GlobalSection(SolutionConfigurationPlatforms) = preSolution
		Debug|Any CPU = Debug|Any CPU
		Release|Any CPU = Release|Any CPU
	EndGlobalSection
	GlobalSection(ProjectConfigurationPlatforms) = postSolution
		{28F274C4-1AC2-4CF7-B417-7E67222C13B4}.Debug|Any CPU.ActiveCfg = Debug|Any CPU
		{28F274C4-1AC2-4CF7-B417-7E67222C13B4}.Debug|Any CPU.Build.0 = Debug|Any CPU
		{28F274C4-1AC2-4CF7-B417-7E67222C13B4}.Release|Any CPU.ActiveCfg = Release|Any CPU
		{28F274C4-1AC2-4CF7-B417-7E67222C13B4}.Release|Any CPU.Build.0 = Release|Any CPU
	EndGlobalSection
	GlobalSection(SolutionProperties) = preSolution
		HideSolutionNode = FALSE
	EndGlobalSection
	GlobalSection(ExtensibilityGlobals) = postSolution
		SolutionGuid = {DABC28DF-D429-4E1C-8078-A8DE7EADB2FC}
	EndGlobalSection
EndGlobal
