
Microsoft Visual Studio Solution File, Format Version 12.00
# Visual Studio Version 17
VisualStudioVersion = 17.8.34322.80
MinimumVisualStudioVersion = 10.0.40219.1
Project("{FAE04EC0-301F-11D3-BF4B-00C04F79EFBC}") = "ParameterOut", "ParameterOut\ParameterOut.csproj", "{B4A195F7-7462-4621-B819-CC5E51E18009}"
EndProject
Global
	GlobalSection(SolutionConfigurationPlatforms) = preSolution
		Debug|Any CPU = Debug|Any CPU
		Release|Any CPU = Release|Any CPU
	EndGlobalSection
	GlobalSection(ProjectConfigurationPlatforms) = postSolution
		{B4A195F7-7462-4621-B819-CC5E51E18009}.Debug|Any CPU.ActiveCfg = Debug|Any CPU
		{B4A195F7-7462-4621-B819-CC5E51E18009}.Debug|Any CPU.Build.0 = Debug|Any CPU
		{B4A195F7-7462-4621-B819-CC5E51E18009}.Release|Any CPU.ActiveCfg = Release|Any CPU
		{B4A195F7-7462-4621-B819-CC5E51E18009}.Release|Any CPU.Build.0 = Release|Any CPU
	EndGlobalSection
	GlobalSection(SolutionProperties) = preSolution
		HideSolutionNode = FALSE
	EndGlobalSection
	GlobalSection(ExtensibilityGlobals) = postSolution
		SolutionGuid = {6FF7DC77-4CEF-445D-9BB6-E361381D72D2}
	EndGlobalSection
EndGlobal
