
Microsoft Visual Studio Solution File, Format Version 12.00
# Visual Studio Version 17
VisualStudioVersion = 17.8.34322.80
MinimumVisualStudioVersion = 10.0.40219.1
Project("{FAE04EC0-301F-11D3-BF4B-00C04F79EFBC}") = "DoWhileSum", "DoWhileSum\DoWhileSum.csproj", "{A916A847-7051-4535-8A00-FA9169F7B8B7}"
EndProject
Global
	GlobalSection(SolutionConfigurationPlatforms) = preSolution
		Debug|Any CPU = Debug|Any CPU
		Release|Any CPU = Release|Any CPU
	EndGlobalSection
	GlobalSection(ProjectConfigurationPlatforms) = postSolution
		{A916A847-7051-4535-8A00-FA9169F7B8B7}.Debug|Any CPU.ActiveCfg = Debug|Any CPU
		{A916A847-7051-4535-8A00-FA9169F7B8B7}.Debug|Any CPU.Build.0 = Debug|Any CPU
		{A916A847-7051-4535-8A00-FA9169F7B8B7}.Release|Any CPU.ActiveCfg = Release|Any CPU
		{A916A847-7051-4535-8A00-FA9169F7B8B7}.Release|Any CPU.Build.0 = Release|Any CPU
	EndGlobalSection
	GlobalSection(SolutionProperties) = preSolution
		HideSolutionNode = FALSE
	EndGlobalSection
	GlobalSection(ExtensibilityGlobals) = postSolution
		SolutionGuid = {C0AAA82A-A810-4E7C-9155-DA7E63D6B9B8}
	EndGlobalSection
EndGlobal
