
Microsoft Visual Studio Solution File, Format Version 12.00
# Visual Studio Version 17
VisualStudioVersion = 17.8.34322.80
MinimumVisualStudioVersion = 10.0.40219.1
Project("{FAE04EC0-301F-11D3-BF4B-00C04F79EFBC}") = "DoWhileDemo", "DoWhileDemo\DoWhileDemo.csproj", "{A7997CDC-5671-4F82-9F59-6DAA303E15F3}"
EndProject
Global
	GlobalSection(SolutionConfigurationPlatforms) = preSolution
		Debug|Any CPU = Debug|Any CPU
		Release|Any CPU = Release|Any CPU
	EndGlobalSection
	GlobalSection(ProjectConfigurationPlatforms) = postSolution
		{A7997CDC-5671-4F82-9F59-6DAA303E15F3}.Debug|Any CPU.ActiveCfg = Debug|Any CPU
		{A7997CDC-5671-4F82-9F59-6DAA303E15F3}.Debug|Any CPU.Build.0 = Debug|Any CPU
		{A7997CDC-5671-4F82-9F59-6DAA303E15F3}.Release|Any CPU.ActiveCfg = Release|Any CPU
		{A7997CDC-5671-4F82-9F59-6DAA303E15F3}.Release|Any CPU.Build.0 = Release|Any CPU
	EndGlobalSection
	GlobalSection(SolutionProperties) = preSolution
		HideSolutionNode = FALSE
	EndGlobalSection
	GlobalSection(ExtensibilityGlobals) = postSolution
		SolutionGuid = {3D23A47F-6D70-4F19-A772-1D5D6F7FB8E6}
	EndGlobalSection
EndGlobal
