
Microsoft Visual Studio Solution File, Format Version 12.00
# Visual Studio Version 17
VisualStudioVersion = 17.8.34322.80
MinimumVisualStudioVersion = 10.0.40219.1
Project("{FAE04EC0-301F-11D3-BF4B-00C04F79EFBC}") = "GetTypeDemo", "GetTypeDemo\GetTypeDemo.csproj", "{371591CE-144B-4384-8D77-CBEAD648893B}"
EndProject
Global
	GlobalSection(SolutionConfigurationPlatforms) = preSolution
		Debug|Any CPU = Debug|Any CPU
		Release|Any CPU = Release|Any CPU
	EndGlobalSection
	GlobalSection(ProjectConfigurationPlatforms) = postSolution
		{371591CE-144B-4384-8D77-CBEAD648893B}.Debug|Any CPU.ActiveCfg = Debug|Any CPU
		{371591CE-144B-4384-8D77-CBEAD648893B}.Debug|Any CPU.Build.0 = Debug|Any CPU
		{371591CE-144B-4384-8D77-CBEAD648893B}.Release|Any CPU.ActiveCfg = Release|Any CPU
		{371591CE-144B-4384-8D77-CBEAD648893B}.Release|Any CPU.Build.0 = Release|Any CPU
	EndGlobalSection
	GlobalSection(SolutionProperties) = preSolution
		HideSolutionNode = FALSE
	EndGlobalSection
	GlobalSection(ExtensibilityGlobals) = postSolution
		SolutionGuid = {E5EA9C62-DB03-4D6B-A799-D4802E08312D}
	EndGlobalSection
EndGlobal
