
Microsoft Visual Studio Solution File, Format Version 12.00
# Visual Studio Version 17
VisualStudioVersion = 17.8.34322.80
MinimumVisualStudioVersion = 10.0.40219.1
Project("{FAE04EC0-301F-11D3-BF4B-00C04F79EFBC}") = "LogicalOr", "LogicalOr\LogicalOr.csproj", "{1507C01C-6D2D-4981-8A91-AE595C126D9D}"
EndProject
Global
	GlobalSection(SolutionConfigurationPlatforms) = preSolution
		Debug|Any CPU = Debug|Any CPU
		Release|Any CPU = Release|Any CPU
	EndGlobalSection
	GlobalSection(ProjectConfigurationPlatforms) = postSolution
		{1507C01C-6D2D-4981-8A91-AE595C126D9D}.Debug|Any CPU.ActiveCfg = Debug|Any CPU
		{1507C01C-6D2D-4981-8A91-AE595C126D9D}.Debug|Any CPU.Build.0 = Debug|Any CPU
		{1507C01C-6D2D-4981-8A91-AE595C126D9D}.Release|Any CPU.ActiveCfg = Release|Any CPU
		{1507C01C-6D2D-4981-8A91-AE595C126D9D}.Release|Any CPU.Build.0 = Release|Any CPU
	EndGlobalSection
	GlobalSection(SolutionProperties) = preSolution
		HideSolutionNode = FALSE
	EndGlobalSection
	GlobalSection(ExtensibilityGlobals) = postSolution
		SolutionGuid = {6999CF2F-6968-4B56-AF3D-4D3E83E387B0}
	EndGlobalSection
EndGlobal
