
Microsoft Visual Studio Solution File, Format Version 12.00
# Visual Studio Version 17
VisualStudioVersion = 17.8.34322.80
MinimumVisualStudioVersion = 10.0.40219.1
Project("{FAE04EC0-301F-11D3-BF4B-00C04F79EFBC}") = "StructArray", "StructArray\StructArray.csproj", "{ECBBF16E-FBB6-4C4C-871E-5BB51021D482}"
EndProject
Global
	GlobalSection(SolutionConfigurationPlatforms) = preSolution
		Debug|Any CPU = Debug|Any CPU
		Release|Any CPU = Release|Any CPU
	EndGlobalSection
	GlobalSection(ProjectConfigurationPlatforms) = postSolution
		{ECBBF16E-FBB6-4C4C-871E-5BB51021D482}.Debug|Any CPU.ActiveCfg = Debug|Any CPU
		{ECBBF16E-FBB6-4C4C-871E-5BB51021D482}.Debug|Any CPU.Build.0 = Debug|Any CPU
		{ECBBF16E-FBB6-4C4C-871E-5BB51021D482}.Release|Any CPU.ActiveCfg = Release|Any CPU
		{ECBBF16E-FBB6-4C4C-871E-5BB51021D482}.Release|Any CPU.Build.0 = Release|Any CPU
	EndGlobalSection
	GlobalSection(SolutionProperties) = preSolution
		HideSolutionNode = FALSE
	EndGlobalSection
	GlobalSection(ExtensibilityGlobals) = postSolution
		SolutionGuid = {0FAC2401-F963-4775-B19A-919D08432E05}
	EndGlobalSection
EndGlobal
