
Microsoft Visual Studio Solution File, Format Version 12.00
# Visual Studio Version 17
VisualStudioVersion = 17.8.34322.80
MinimumVisualStudioVersion = 10.0.40219.1
Project("{FAE04EC0-301F-11D3-BF4B-00C04F79EFBC}") = "StreamReaderReadToEndDemo", "StreamReaderReadToEndDemo\StreamReaderReadToEndDemo.csproj", "{4E8B5C5E-9C2B-4BE1-BF9F-88B5B5497E2A}"
EndProject
Global
	GlobalSection(SolutionConfigurationPlatforms) = preSolution
		Debug|Any CPU = Debug|Any CPU
		Release|Any CPU = Release|Any CPU
	EndGlobalSection
	GlobalSection(ProjectConfigurationPlatforms) = postSolution
		{4E8B5C5E-9C2B-4BE1-BF9F-88B5B5497E2A}.Debug|Any CPU.ActiveCfg = Debug|Any CPU
		{4E8B5C5E-9C2B-4BE1-BF9F-88B5B5497E2A}.Debug|Any CPU.Build.0 = Debug|Any CPU
		{4E8B5C5E-9C2B-4BE1-BF9F-88B5B5497E2A}.Release|Any CPU.ActiveCfg = Release|Any CPU
		{4E8B5C5E-9C2B-4BE1-BF9F-88B5B5497E2A}.Release|Any CPU.Build.0 = Release|Any CPU
	EndGlobalSection
	GlobalSection(SolutionProperties) = preSolution
		HideSolutionNode = FALSE
	EndGlobalSection
	GlobalSection(ExtensibilityGlobals) = postSolution
		SolutionGuid = {1427C575-D6DA-42EA-9C8A-4E3DFF4A5CD0}
	EndGlobalSection
EndGlobal
