
Microsoft Visual Studio Solution File, Format Version 12.00
# Visual Studio Version 17
VisualStudioVersion = 17.8.34322.80
MinimumVisualStudioVersion = 10.0.40219.1
Project("{FAE04EC0-301F-11D3-BF4B-00C04F79EFBC}") = "FunctionParameter", "FunctionParameter\FunctionParameter.csproj", "{E76384F7-D0D4-4AE0-A5DE-AFA49DF69000}"
EndProject
Global
	GlobalSection(SolutionConfigurationPlatforms) = preSolution
		Debug|Any CPU = Debug|Any CPU
		Release|Any CPU = Release|Any CPU
	EndGlobalSection
	GlobalSection(ProjectConfigurationPlatforms) = postSolution
		{E76384F7-D0D4-4AE0-A5DE-AFA49DF69000}.Debug|Any CPU.ActiveCfg = Debug|Any CPU
		{E76384F7-D0D4-4AE0-A5DE-AFA49DF69000}.Debug|Any CPU.Build.0 = Debug|Any CPU
		{E76384F7-D0D4-4AE0-A5DE-AFA49DF69000}.Release|Any CPU.ActiveCfg = Release|Any CPU
		{E76384F7-D0D4-4AE0-A5DE-AFA49DF69000}.Release|Any CPU.Build.0 = Release|Any CPU
	EndGlobalSection
	GlobalSection(SolutionProperties) = preSolution
		HideSolutionNode = FALSE
	EndGlobalSection
	GlobalSection(ExtensibilityGlobals) = postSolution
		SolutionGuid = {C3E38176-9CAC-49CC-BAB5-916E6CFC779C}
	EndGlobalSection
EndGlobal
