
Microsoft Visual Studio Solution File, Format Version 12.00
# Visual Studio Version 17
VisualStudioVersion = 17.8.34322.80
MinimumVisualStudioVersion = 10.0.40219.1
Project("{FAE04EC0-301F-11D3-BF4B-00C04F79EFBC}") = "ArrayOne4", "ArrayOne4\ArrayOne4.csproj", "{62987D3F-CB5D-438C-964A-1DD92F03416D}"
EndProject
Global
	GlobalSection(SolutionConfigurationPlatforms) = preSolution
		Debug|Any CPU = Debug|Any CPU
		Release|Any CPU = Release|Any CPU
	EndGlobalSection
	GlobalSection(ProjectConfigurationPlatforms) = postSolution
		{62987D3F-CB5D-438C-964A-1DD92F03416D}.Debug|Any CPU.ActiveCfg = Debug|Any CPU
		{62987D3F-CB5D-438C-964A-1DD92F03416D}.Debug|Any CPU.Build.0 = Debug|Any CPU
		{62987D3F-CB5D-438C-964A-1DD92F03416D}.Release|Any CPU.ActiveCfg = Release|Any CPU
		{62987D3F-CB5D-438C-964A-1DD92F03416D}.Release|Any CPU.Build.0 = Release|Any CPU
	EndGlobalSection
	GlobalSection(SolutionProperties) = preSolution
		HideSolutionNode = FALSE
	EndGlobalSection
	GlobalSection(ExtensibilityGlobals) = postSolution
		SolutionGuid = {6BE0CBCF-ADE8-4147-BB58-14A195FDAFD2}
	EndGlobalSection
EndGlobal
