
Microsoft Visual Studio Solution File, Format Version 12.00
# Visual Studio Version 17
VisualStudioVersion = 17.8.34322.80
MinimumVisualStudioVersion = 10.0.40219.1
Project("{FAE04EC0-301F-11D3-BF4B-00C04F79EFBC}") = "ConditionalOperator", "ConditionalOperator\ConditionalOperator.csproj", "{447496B1-24E3-463A-B424-90030FC586DC}"
EndProject
Global
	GlobalSection(SolutionConfigurationPlatforms) = preSolution
		Debug|Any CPU = Debug|Any CPU
		Release|Any CPU = Release|Any CPU
	EndGlobalSection
	GlobalSection(ProjectConfigurationPlatforms) = postSolution
		{447496B1-24E3-463A-B424-90030FC586DC}.Debug|Any CPU.ActiveCfg = Debug|Any CPU
		{447496B1-24E3-463A-B424-90030FC586DC}.Debug|Any CPU.Build.0 = Debug|Any CPU
		{447496B1-24E3-463A-B424-90030FC586DC}.Release|Any CPU.ActiveCfg = Release|Any CPU
		{447496B1-24E3-463A-B424-90030FC586DC}.Release|Any CPU.Build.0 = Release|Any CPU
	EndGlobalSection
	GlobalSection(SolutionProperties) = preSolution
		HideSolutionNode = FALSE
	EndGlobalSection
	GlobalSection(ExtensibilityGlobals) = postSolution
		SolutionGuid = {018BC5F6-32E1-44E0-BAE0-6229CA824E94}
	EndGlobalSection
EndGlobal
