
Microsoft Visual Studio Solution File, Format Version 12.00
# Visual Studio Version 17
VisualStudioVersion = 17.8.34322.80
MinimumVisualStudioVersion = 10.0.40219.1
Project("{FAE04EC0-301F-11D3-BF4B-00C04F79EFBC}") = "ArrayOne1", "ArrayOne1\ArrayOne1.csproj", "{45151A34-9617-461A-A973-937D692F3489}"
EndProject
Global
	GlobalSection(SolutionConfigurationPlatforms) = preSolution
		Debug|Any CPU = Debug|Any CPU
		Release|Any CPU = Release|Any CPU
	EndGlobalSection
	GlobalSection(ProjectConfigurationPlatforms) = postSolution
		{45151A34-9617-461A-A973-937D692F3489}.Debug|Any CPU.ActiveCfg = Debug|Any CPU
		{45151A34-9617-461A-A973-937D692F3489}.Debug|Any CPU.Build.0 = Debug|Any CPU
		{45151A34-9617-461A-A973-937D692F3489}.Release|Any CPU.ActiveCfg = Release|Any CPU
		{45151A34-9617-461A-A973-937D692F3489}.Release|Any CPU.Build.0 = Release|Any CPU
	EndGlobalSection
	GlobalSection(SolutionProperties) = preSolution
		HideSolutionNode = FALSE
	EndGlobalSection
	GlobalSection(ExtensibilityGlobals) = postSolution
		SolutionGuid = {3289EBE2-3537-48F4-95DB-47B3BB01D4C9}
	EndGlobalSection
EndGlobal
