
Microsoft Visual Studio Solution File, Format Version 12.00
# Visual Studio Version 17
VisualStudioVersion = 17.8.34322.80
MinimumVisualStudioVersion = 10.0.40219.1
Project("{FAE04EC0-301F-11D3-BF4B-00C04F79EFBC}") = "ArrowDemo", "ArrowDemo\ArrowDemo.csproj", "{927DD2D4-6DDA-4091-964D-55C88FC4ED10}"
EndProject
Global
	GlobalSection(SolutionConfigurationPlatforms) = preSolution
		Debug|Any CPU = Debug|Any CPU
		Release|Any CPU = Release|Any CPU
	EndGlobalSection
	GlobalSection(ProjectConfigurationPlatforms) = postSolution
		{927DD2D4-6DDA-4091-964D-55C88FC4ED10}.Debug|Any CPU.ActiveCfg = Debug|Any CPU
		{927DD2D4-6DDA-4091-964D-55C88FC4ED10}.Debug|Any CPU.Build.0 = Debug|Any CPU
		{927DD2D4-6DDA-4091-964D-55C88FC4ED10}.Release|Any CPU.ActiveCfg = Release|Any CPU
		{927DD2D4-6DDA-4091-964D-55C88FC4ED10}.Release|Any CPU.Build.0 = Release|Any CPU
	EndGlobalSection
	GlobalSection(SolutionProperties) = preSolution
		HideSolutionNode = FALSE
	EndGlobalSection
	GlobalSection(ExtensibilityGlobals) = postSolution
		SolutionGuid = {1C0BD35E-308B-4A20-8989-959904A58539}
	EndGlobalSection
EndGlobal
