
Microsoft Visual Studio Solution File, Format Version 12.00
# Visual Studio Version 17
VisualStudioVersion = 17.8.34322.80
MinimumVisualStudioVersion = 10.0.40219.1
Project("{FAE04EC0-301F-11D3-BF4B-00C04F79EFBC}") = "SendMailTest", "SendMailTest\SendMailTest.csproj", "{2B596F9A-4F3C-4DFE-81A7-A48324A9397C}"
EndProject
Global
	GlobalSection(SolutionConfigurationPlatforms) = preSolution
		Debug|Any CPU = Debug|Any CPU
		Release|Any CPU = Release|Any CPU
	EndGlobalSection
	GlobalSection(ProjectConfigurationPlatforms) = postSolution
		{2B596F9A-4F3C-4DFE-81A7-A48324A9397C}.Debug|Any CPU.ActiveCfg = Debug|Any CPU
		{2B596F9A-4F3C-4DFE-81A7-A48324A9397C}.Debug|Any CPU.Build.0 = Debug|Any CPU
		{2B596F9A-4F3C-4DFE-81A7-A48324A9397C}.Release|Any CPU.ActiveCfg = Release|Any CPU
		{2B596F9A-4F3C-4DFE-81A7-A48324A9397C}.Release|Any CPU.Build.0 = Release|Any CPU
	EndGlobalSection
	GlobalSection(SolutionProperties) = preSolution
		HideSolutionNode = FALSE
	EndGlobalSection
	GlobalSection(ExtensibilityGlobals) = postSolution
		SolutionGuid = {E5F397EC-F3A3-4293-97B9-27A62603E5A5}
	EndGlobalSection
EndGlobal
