
Microsoft Visual Studio Solution File, Format Version 12.00
# Visual Studio Version 17
VisualStudioVersion = 17.8.34322.80
MinimumVisualStudioVersion = 10.0.40219.1
Project("{FAE04EC0-301F-11D3-BF4B-00C04F79EFBC}") = "TypeDefinitionWithUsing", "TypeDefinitionWithUsing\TypeDefinitionWithUsing.csproj", "{F901D299-4617-47E0-A38D-F28B807D8458}"
EndProject
Global
	GlobalSection(SolutionConfigurationPlatforms) = preSolution
		Debug|Any CPU = Debug|Any CPU
		Release|Any CPU = Release|Any CPU
	EndGlobalSection
	GlobalSection(ProjectConfigurationPlatforms) = postSolution
		{F901D299-4617-47E0-A38D-F28B807D8458}.Debug|Any CPU.ActiveCfg = Debug|Any CPU
		{F901D299-4617-47E0-A38D-F28B807D8458}.Debug|Any CPU.Build.0 = Debug|Any CPU
		{F901D299-4617-47E0-A38D-F28B807D8458}.Release|Any CPU.ActiveCfg = Release|Any CPU
		{F901D299-4617-47E0-A38D-F28B807D8458}.Release|Any CPU.Build.0 = Release|Any CPU
	EndGlobalSection
	GlobalSection(SolutionProperties) = preSolution
		HideSolutionNode = FALSE
	EndGlobalSection
	GlobalSection(ExtensibilityGlobals) = postSolution
		SolutionGuid = {CC2B85A6-9C6E-4833-96AB-DEF594D41897}
	EndGlobalSection
EndGlobal
