
Microsoft Visual Studio Solution File, Format Version 12.00
# Visual Studio Version 17
VisualStudioVersion = 17.8.34322.80
MinimumVisualStudioVersion = 10.0.40219.1
Project("{FAE04EC0-301F-11D3-BF4B-00C04F79EFBC}") = "If", "If\If.csproj", "{D384B963-E98A-47FD-95B4-CE985F2EE9E3}"
EndProject
Global
	GlobalSection(SolutionConfigurationPlatforms) = preSolution
		Debug|Any CPU = Debug|Any CPU
		Release|Any CPU = Release|Any CPU
	EndGlobalSection
	GlobalSection(ProjectConfigurationPlatforms) = postSolution
		{D384B963-E98A-47FD-95B4-CE985F2EE9E3}.Debug|Any CPU.ActiveCfg = Debug|Any CPU
		{D384B963-E98A-47FD-95B4-CE985F2EE9E3}.Debug|Any CPU.Build.0 = Debug|Any CPU
		{D384B963-E98A-47FD-95B4-CE985F2EE9E3}.Release|Any CPU.ActiveCfg = Release|Any CPU
		{D384B963-E98A-47FD-95B4-CE985F2EE9E3}.Release|Any CPU.Build.0 = Release|Any CPU
	EndGlobalSection
	GlobalSection(SolutionProperties) = preSolution
		HideSolutionNode = FALSE
	EndGlobalSection
	GlobalSection(ExtensibilityGlobals) = postSolution
		SolutionGuid = {5B0C2699-89C2-43B0-AA1C-9FC9B416845D}
	EndGlobalSection
EndGlobal
