
Microsoft Visual Studio Solution File, Format Version 12.00
# Visual Studio Version 17
VisualStudioVersion = 17.8.34322.80
MinimumVisualStudioVersion = 10.0.40219.1
Project("{FAE04EC0-301F-11D3-BF4B-00C04F79EFBC}") = "DecimalDemo", "DecimalDemo\DecimalDemo.csproj", "{034C42CD-29E0-414D-8FE1-EC502FC29FBF}"
EndProject
Global
	GlobalSection(SolutionConfigurationPlatforms) = preSolution
		Debug|Any CPU = Debug|Any CPU
		Release|Any CPU = Release|Any CPU
	EndGlobalSection
	GlobalSection(ProjectConfigurationPlatforms) = postSolution
		{034C42CD-29E0-414D-8FE1-EC502FC29FBF}.Debug|Any CPU.ActiveCfg = Debug|Any CPU
		{034C42CD-29E0-414D-8FE1-EC502FC29FBF}.Debug|Any CPU.Build.0 = Debug|Any CPU
		{034C42CD-29E0-414D-8FE1-EC502FC29FBF}.Release|Any CPU.ActiveCfg = Release|Any CPU
		{034C42CD-29E0-414D-8FE1-EC502FC29FBF}.Release|Any CPU.Build.0 = Release|Any CPU
	EndGlobalSection
	GlobalSection(SolutionProperties) = preSolution
		HideSolutionNode = FALSE
	EndGlobalSection
	GlobalSection(ExtensibilityGlobals) = postSolution
		SolutionGuid = {183C0BA5-3849-47FE-BF61-8788901F7AAF}
	EndGlobalSection
EndGlobal
