
Microsoft Visual Studio Solution File, Format Version 12.00
# Visual Studio Version 17
VisualStudioVersion = 17.8.34322.80
MinimumVisualStudioVersion = 10.0.40219.1
Project("{FAE04EC0-301F-11D3-BF4B-00C04F79EFBC}") = "StreamWriterWriteLineDemo", "StreamWriterWriteLineDemo\StreamWriterWriteLineDemo.csproj", "{E59396CC-7086-444F-A987-A4937758E4F5}"
EndProject
Global
	GlobalSection(SolutionConfigurationPlatforms) = preSolution
		Debug|Any CPU = Debug|Any CPU
		Release|Any CPU = Release|Any CPU
	EndGlobalSection
	GlobalSection(ProjectConfigurationPlatforms) = postSolution
		{E59396CC-7086-444F-A987-A4937758E4F5}.Debug|Any CPU.ActiveCfg = Debug|Any CPU
		{E59396CC-7086-444F-A987-A4937758E4F5}.Debug|Any CPU.Build.0 = Debug|Any CPU
		{E59396CC-7086-444F-A987-A4937758E4F5}.Release|Any CPU.ActiveCfg = Release|Any CPU
		{E59396CC-7086-444F-A987-A4937758E4F5}.Release|Any CPU.Build.0 = Release|Any CPU
	EndGlobalSection
	GlobalSection(SolutionProperties) = preSolution
		HideSolutionNode = FALSE
	EndGlobalSection
	GlobalSection(ExtensibilityGlobals) = postSolution
		SolutionGuid = {5E313207-3689-4890-9DA3-8A70CE0E8EA6}
	EndGlobalSection
EndGlobal
