
Microsoft Visual Studio Solution File, Format Version 12.00
# Visual Studio Version 17
VisualStudioVersion = 17.8.34322.80
MinimumVisualStudioVersion = 10.0.40219.1
Project("{FAE04EC0-301F-11D3-BF4B-00C04F79EFBC}") = "ReadLineCharacter", "ReadLineCharacter\ReadLineCharacter.csproj", "{DC5732A5-DE77-4342-8CBC-7E06B141E928}"
EndProject
Global
	GlobalSection(SolutionConfigurationPlatforms) = preSolution
		Debug|Any CPU = Debug|Any CPU
		Release|Any CPU = Release|Any CPU
	EndGlobalSection
	GlobalSection(ProjectConfigurationPlatforms) = postSolution
		{DC5732A5-DE77-4342-8CBC-7E06B141E928}.Debug|Any CPU.ActiveCfg = Debug|Any CPU
		{DC5732A5-DE77-4342-8CBC-7E06B141E928}.Debug|Any CPU.Build.0 = Debug|Any CPU
		{DC5732A5-DE77-4342-8CBC-7E06B141E928}.Release|Any CPU.ActiveCfg = Release|Any CPU
		{DC5732A5-DE77-4342-8CBC-7E06B141E928}.Release|Any CPU.Build.0 = Release|Any CPU
	EndGlobalSection
	GlobalSection(SolutionProperties) = preSolution
		HideSolutionNode = FALSE
	EndGlobalSection
	GlobalSection(ExtensibilityGlobals) = postSolution
		SolutionGuid = {E93824BE-1669-4148-BCB6-381586503E2E}
	EndGlobalSection
EndGlobal
