
Microsoft Visual Studio Solution File, Format Version 12.00
# Visual Studio Version 17
VisualStudioVersion = 17.8.34322.80
MinimumVisualStudioVersion = 10.0.40219.1
Project("{FAE04EC0-301F-11D3-BF4B-00C04F79EFBC}") = "RockPaperScissors", "RockPaperScissors\RockPaperScissors.csproj", "{689C1C9C-1CC6-4AA1-B731-B48E48FB320C}"
EndProject
Global
	GlobalSection(SolutionConfigurationPlatforms) = preSolution
		Debug|Any CPU = Debug|Any CPU
		Release|Any CPU = Release|Any CPU
	EndGlobalSection
	GlobalSection(ProjectConfigurationPlatforms) = postSolution
		{689C1C9C-1CC6-4AA1-B731-B48E48FB320C}.Debug|Any CPU.ActiveCfg = Debug|Any CPU
		{689C1C9C-1CC6-4AA1-B731-B48E48FB320C}.Debug|Any CPU.Build.0 = Debug|Any CPU
		{689C1C9C-1CC6-4AA1-B731-B48E48FB320C}.Release|Any CPU.ActiveCfg = Release|Any CPU
		{689C1C9C-1CC6-4AA1-B731-B48E48FB320C}.Release|Any CPU.Build.0 = Release|Any CPU
	EndGlobalSection
	GlobalSection(SolutionProperties) = preSolution
		HideSolutionNode = FALSE
	EndGlobalSection
	GlobalSection(ExtensibilityGlobals) = postSolution
		SolutionGuid = {BCEF5F9F-892F-4B26-A295-96C9D85A4895}
	EndGlobalSection
EndGlobal
